
Microsoft Visual Studio Solution File, Format Version 12.00
# Visual Studio 15
VisualStudioVersion = 15.0.28307.106
MinimumVisualStudioVersion = 10.0.40219.1
Project("{FAE04EC0-301F-11D3-BF4B-00C04F79EFBC}") = "SimpleAPI2", "SimpleAPI2\SimpleAPI2.csproj", "{329FCAF4-1332-485A-9D8F-C373320008C4}"
EndProject
Global
	GlobalSection(SolutionConfigurationPlatforms) = preSolution
		Debug|Any CPU = Debug|Any CPU
		Release|Any CPU = Release|Any CPU
	EndGlobalSection
	GlobalSection(ProjectConfigurationPlatforms) = postSolution
		{329FCAF4-1332-485A-9D8F-C373320008C4}.Debug|Any CPU.ActiveCfg = Debug|Any CPU
		{329FCAF4-1332-485A-9D8F-C373320008C4}.Debug|Any CPU.Build.0 = Debug|Any CPU
		{329FCAF4-1332-485A-9D8F-C373320008C4}.Release|Any CPU.ActiveCfg = Release|Any CPU
		{329FCAF4-1332-485A-9D8F-C373320008C4}.Release|Any CPU.Build.0 = Release|Any CPU
	EndGlobalSection
	GlobalSection(SolutionProperties) = preSolution
		HideSolutionNode = FALSE
	EndGlobalSection
	GlobalSection(ExtensibilityGlobals) = postSolution
		SolutionGuid = {60859294-3AA3-46FF-854A-4CC65ABE9604}
	EndGlobalSection
EndGlobal
